
Microsoft Visual Studio Solution File, Format Version 12.00
# Visual Studio Version 17
VisualStudioVersion = 17.5.002.0
MinimumVisualStudioVersion = 10.0.40219.1
Project("{9A19103F-16F7-4668-BE54-9A1E7A4F7556}") = "DesafioPOO", "DesafioPOO.csproj", "{7A6B381A-5662-4063-9925-D2E2B31E0BED}"
EndProject
Global
	GlobalSection(SolutionConfigurationPlatforms) = preSolution
		Debug|Any CPU = Debug|Any CPU
		Release|Any CPU = Release|Any CPU
	EndGlobalSection
	GlobalSection(ProjectConfigurationPlatforms) = postSolution
		{7A6B381A-5662-4063-9925-D2E2B31E0BED}.Debug|Any CPU.ActiveCfg = Debug|Any CPU
		{7A6B381A-5662-4063-9925-D2E2B31E0BED}.Debug|Any CPU.Build.0 = Debug|Any CPU
		{7A6B381A-5662-4063-9925-D2E2B31E0BED}.Release|Any CPU.ActiveCfg = Release|Any CPU
		{7A6B381A-5662-4063-9925-D2E2B31E0BED}.Release|Any CPU.Build.0 = Release|Any CPU
	EndGlobalSection
	GlobalSection(SolutionProperties) = preSolution
		HideSolutionNode = FALSE
	EndGlobalSection
	GlobalSection(ExtensibilityGlobals) = postSolution
		SolutionGuid = {175F7487-5B38-4E12-8A08-2B71FE666F02}
	EndGlobalSection
EndGlobal
