
Microsoft Visual Studio Solution File, Format Version 12.00
# Visual Studio Version 17
VisualStudioVersion = 17.0.31903.59
MinimumVisualStudioVersion = 10.0.40219.1
Project("{FAE04EC0-301F-11D3-BF4B-00C04F79EFBC}") = "Sistema-Celular-Testes", "Sistema-Celular-Testes\Sistema-Celular-Testes.csproj", "{7C0640B1-0DED-4217-8D91-23E936638F61}"
EndProject
Project("{FAE04EC0-301F-11D3-BF4B-00C04F79EFBC}") = "DesafioPOO", "Sistema-Celular\DesafioPOO.csproj", "{AEE89F08-FC3B-4822-BFAC-1E802A948E53}"
EndProject
Global
	GlobalSection(SolutionConfigurationPlatforms) = preSolution
		Debug|Any CPU = Debug|Any CPU
		Release|Any CPU = Release|Any CPU
	EndGlobalSection
	GlobalSection(SolutionProperties) = preSolution
		HideSolutionNode = FALSE
	EndGlobalSection
	GlobalSection(ProjectConfigurationPlatforms) = postSolution
		{7C0640B1-0DED-4217-8D91-23E936638F61}.Debug|Any CPU.ActiveCfg = Debug|Any CPU
		{7C0640B1-0DED-4217-8D91-23E936638F61}.Debug|Any CPU.Build.0 = Debug|Any CPU
		{7C0640B1-0DED-4217-8D91-23E936638F61}.Release|Any CPU.ActiveCfg = Release|Any CPU
		{7C0640B1-0DED-4217-8D91-23E936638F61}.Release|Any CPU.Build.0 = Release|Any CPU
		{AEE89F08-FC3B-4822-BFAC-1E802A948E53}.Debug|Any CPU.ActiveCfg = Debug|Any CPU
		{AEE89F08-FC3B-4822-BFAC-1E802A948E53}.Debug|Any CPU.Build.0 = Debug|Any CPU
		{AEE89F08-FC3B-4822-BFAC-1E802A948E53}.Release|Any CPU.ActiveCfg = Release|Any CPU
		{AEE89F08-FC3B-4822-BFAC-1E802A948E53}.Release|Any CPU.Build.0 = Release|Any CPU
	EndGlobalSection
EndGlobal
